
Microsoft Visual Studio Solution File, Format Version 12.00
# Visual Studio Version 17
VisualStudioVersion = 17.1.32421.90
MinimumVisualStudioVersion = 10.0.40219.1
Project("{FAE04EC0-301F-11D3-BF4B-00C04F79EFBC}") = "Assembly-CSharp", "Assembly-CSharp.csproj", "{9F3B2EBE-A442-9883-E750-E21EE6BA2A16}"
EndProject
Project("{D954291E-2A0B-460D-934E-DC6B0785DB48}") = "RocketAdventure", "..\RocketAdventure\RocketAdventure.shproj", "{1EB84DB6-080C-4A7A-9EF4-9D586609FD46}"
EndProject
Global
	GlobalSection(SharedMSBuildProjectFiles) = preSolution
		..\RocketAdventure\RocketAdventure.projitems*{1eb84db6-080c-4a7a-9ef4-9d586609fd46}*SharedItemsImports = 13
	EndGlobalSection
	GlobalSection(SolutionConfigurationPlatforms) = preSolution
		Debug|Any CPU = Debug|Any CPU
		Release|Any CPU = Release|Any CPU
	EndGlobalSection
	GlobalSection(ProjectConfigurationPlatforms) = postSolution
		{9F3B2EBE-A442-9883-E750-E21EE6BA2A16}.Debug|Any CPU.ActiveCfg = Debug|Any CPU
		{9F3B2EBE-A442-9883-E750-E21EE6BA2A16}.Debug|Any CPU.Build.0 = Debug|Any CPU
		{9F3B2EBE-A442-9883-E750-E21EE6BA2A16}.Release|Any CPU.ActiveCfg = Release|Any CPU
		{9F3B2EBE-A442-9883-E750-E21EE6BA2A16}.Release|Any CPU.Build.0 = Release|Any CPU
	EndGlobalSection
	GlobalSection(SolutionProperties) = preSolution
		HideSolutionNode = FALSE
	EndGlobalSection
	GlobalSection(ExtensibilityGlobals) = postSolution
		SolutionGuid = {47E680F9-19A1-4C24-B4FF-E20ED6A12940}
	EndGlobalSection
EndGlobal
